
Microsoft Visual Studio Solution File, Format Version 12.00
# Visual Studio 2013
VisualStudioVersion = 12.0.40629.0
MinimumVisualStudioVersion = 10.0.40219.1
Project("{FAE04EC0-301F-11D3-BF4B-00C04F79EFBC}") = "01. Instruction Set", "01. Instruction Set\01. Instruction Set.csproj", "{954CD2F8-BA2C-4F21-A2DE-3051E4E046B2}"
EndProject
Project("{FAE04EC0-301F-11D3-BF4B-00C04F79EFBC}") = "02. Be Positive", "02. Be Positive\02. Be Positive.csproj", "{E5BE7AFD-5B53-42A1-9E98-0E3E945284DA}"
EndProject
Project("{FAE04EC0-301F-11D3-BF4B-00C04F79EFBC}") = "03. Array Test", "03. Array Test\03. Array Test.csproj", "{BBFE716E-06D9-4063-82F0-AF8F135F3CE2}"
EndProject
Project("{FAE04EC0-301F-11D3-BF4B-00C04F79EFBC}") = "04. Substring", "04. Substring\04. Substring.csproj", "{F904CB49-DFE6-440A-BCA1-BDF3A08CF69A}"
EndProject
Global
	GlobalSection(SolutionConfigurationPlatforms) = preSolution
		Debug|Any CPU = Debug|Any CPU
		Release|Any CPU = Release|Any CPU
	EndGlobalSection
	GlobalSection(ProjectConfigurationPlatforms) = postSolution
		{954CD2F8-BA2C-4F21-A2DE-3051E4E046B2}.Debug|Any CPU.ActiveCfg = Debug|Any CPU
		{954CD2F8-BA2C-4F21-A2DE-3051E4E046B2}.Debug|Any CPU.Build.0 = Debug|Any CPU
		{954CD2F8-BA2C-4F21-A2DE-3051E4E046B2}.Release|Any CPU.ActiveCfg = Release|Any CPU
		{954CD2F8-BA2C-4F21-A2DE-3051E4E046B2}.Release|Any CPU.Build.0 = Release|Any CPU
		{E5BE7AFD-5B53-42A1-9E98-0E3E945284DA}.Debug|Any CPU.ActiveCfg = Debug|Any CPU
		{E5BE7AFD-5B53-42A1-9E98-0E3E945284DA}.Debug|Any CPU.Build.0 = Debug|Any CPU
		{E5BE7AFD-5B53-42A1-9E98-0E3E945284DA}.Release|Any CPU.ActiveCfg = Release|Any CPU
		{E5BE7AFD-5B53-42A1-9E98-0E3E945284DA}.Release|Any CPU.Build.0 = Release|Any CPU
		{BBFE716E-06D9-4063-82F0-AF8F135F3CE2}.Debug|Any CPU.ActiveCfg = Debug|Any CPU
		{BBFE716E-06D9-4063-82F0-AF8F135F3CE2}.Debug|Any CPU.Build.0 = Debug|Any CPU
		{BBFE716E-06D9-4063-82F0-AF8F135F3CE2}.Release|Any CPU.ActiveCfg = Release|Any CPU
		{BBFE716E-06D9-4063-82F0-AF8F135F3CE2}.Release|Any CPU.Build.0 = Release|Any CPU
		{F904CB49-DFE6-440A-BCA1-BDF3A08CF69A}.Debug|Any CPU.ActiveCfg = Debug|Any CPU
		{F904CB49-DFE6-440A-BCA1-BDF3A08CF69A}.Debug|Any CPU.Build.0 = Debug|Any CPU
		{F904CB49-DFE6-440A-BCA1-BDF3A08CF69A}.Release|Any CPU.ActiveCfg = Release|Any CPU
		{F904CB49-DFE6-440A-BCA1-BDF3A08CF69A}.Release|Any CPU.Build.0 = Release|Any CPU
	EndGlobalSection
	GlobalSection(SolutionProperties) = preSolution
		HideSolutionNode = FALSE
	EndGlobalSection
EndGlobal
